// !$*UTF8*$!
{
	archiveVersion = 1;
	classes = {
	};
	objectVersion = 55;
	objects = {

/* Begin PBXBuildFile section */
		F6A4081928B2A16100F1C2A5 /* AppDelegate.swift in Sources */ = {isa = PBXBuildFile; fileRef = F6A4081828B2A16100F1C2A5 /* AppDelegate.swift */; };
		F6A4081B28B2A16100F1C2A5 /* SceneDelegate.swift in Sources */ = {isa = PBXBuildFile; fileRef = F6A4081A28B2A16100F1C2A5 /* SceneDelegate.swift */; };
		F6A4082028B2A16100F1C2A5 /* Main.storyboard in Resources */ = {isa = PBXBuildFile; fileRef = F6A4081E28B2A16100F1C2A5 /* Main.storyboard */; };
		F6A4082328B2A16100F1C2A5 /* BryjApp.xcdatamodeld in Sources */ = {isa = PBXBuildFile; fileRef = F6A4082128B2A16100F1C2A5 /* BryjApp.xcdatamodeld */; };
		F6A4082528B2A16400F1C2A5 /* Assets.xcassets in Resources */ = {isa = PBXBuildFile; fileRef = F6A4082428B2A16400F1C2A5 /* Assets.xcassets */; };
		F6A4082828B2A16400F1C2A5 /* LaunchScreen.storyboard in Resources */ = {isa = PBXBuildFile; fileRef = F6A4082628B2A16400F1C2A5 /* LaunchScreen.storyboard */; };
		F6A4083028B2A6E700F1C2A5 /* HomeViewController.swift in Sources */ = {isa = PBXBuildFile; fileRef = F6A4082F28B2A6E700F1C2A5 /* HomeViewController.swift */; };
		F6A4083228B2A70B00F1C2A5 /* ShopViewController.swift in Sources */ = {isa = PBXBuildFile; fileRef = F6A4083128B2A70B00F1C2A5 /* ShopViewController.swift */; };
		F6A4083528B2A72900F1C2A5 /* AccountViewController.swift in Sources */ = {isa = PBXBuildFile; fileRef = F6A4083428B2A72900F1C2A5 /* AccountViewController.swift */; };
		F6A4083728B2A73700F1C2A5 /* BagViewController.swift in Sources */ = {isa = PBXBuildFile; fileRef = F6A4083628B2A73700F1C2A5 /* BagViewController.swift */; };
		F6A4083928B3043000F1C2A5 /* ViewController.swift in Sources */ = {isa = PBXBuildFile; fileRef = F6A4083828B3043000F1C2A5 /* ViewController.swift */; };
/* End PBXBuildFile section */

/* Begin PBXFileReference section */
		F6A4081528B2A16100F1C2A5 /* BryjApp.app */ = {isa = PBXFileReference; explicitFileType = wrapper.application; includeInIndex = 0; path = BryjApp.app; sourceTree = BUILT_PRODUCTS_DIR; };
		F6A4081828B2A16100F1C2A5 /* AppDelegate.swift */ = {isa = PBXFileReference; lastKnownFileType = sourcecode.swift; path = AppDelegate.swift; sourceTree = "<group>"; };
		F6A4081A28B2A16100F1C2A5 /* SceneDelegate.swift */ = {isa = PBXFileReference; lastKnownFileType = sourcecode.swift; path = SceneDelegate.swift; sourceTree = "<group>"; };
		F6A4081F28B2A16100F1C2A5 /* Base */ = {isa = PBXFileReference; lastKnownFileType = file.storyboard; name = Base; path = Base.lproj/Main.storyboard; sourceTree = "<group>"; };
		F6A4082228B2A16100F1C2A5 /* BryjApp.xcdatamodel */ = {isa = PBXFileReference; lastKnownFileType = wrapper.xcdatamodel; path = BryjApp.xcdatamodel; sourceTree = "<group>"; };
		F6A4082428B2A16400F1C2A5 /* Assets.xcassets */ = {isa = PBXFileReference; lastKnownFileType = folder.assetcatalog; path = Assets.xcassets; sourceTree = "<group>"; };
		F6A4082728B2A16400F1C2A5 /* Base */ = {isa = PBXFileReference; lastKnownFileType = file.storyboard; name = Base; path = Base.lproj/LaunchScreen.storyboard; sourceTree = "<group>"; };
		F6A4082928B2A16400F1C2A5 /* Info.plist */ = {isa = PBXFileReference; lastKnownFileType = text.plist.xml; path = Info.plist; sourceTree = "<group>"; };
		F6A4082F28B2A6E700F1C2A5 /* HomeViewController.swift */ = {isa = PBXFileReference; lastKnownFileType = sourcecode.swift; path = HomeViewController.swift; sourceTree = "<group>"; };
		F6A4083128B2A70B00F1C2A5 /* ShopViewController.swift */ = {isa = PBXFileReference; lastKnownFileType = sourcecode.swift; path = ShopViewController.swift; sourceTree = "<group>"; };
		F6A4083428B2A72900F1C2A5 /* AccountViewController.swift */ = {isa = PBXFileReference; lastKnownFileType = sourcecode.swift; path = AccountViewController.swift; sourceTree = "<group>"; };
		F6A4083628B2A73700F1C2A5 /* BagViewController.swift */ = {isa = PBXFileReference; lastKnownFileType = sourcecode.swift; path = BagViewController.swift; sourceTree = "<group>"; };
		F6A4083828B3043000F1C2A5 /* ViewController.swift */ = {isa = PBXFileReference; lastKnownFileType = sourcecode.swift; path = ViewController.swift; sourceTree = "<group>"; };
/* End PBXFileReference section */

/* Begin PBXFrameworksBuildPhase section */
		F6A4081228B2A16100F1C2A5 /* Frameworks */ = {
			isa = PBXFrameworksBuildPhase;
			buildActionMask = 2147483647;
			files = (
			);
			runOnlyForDeploymentPostprocessing = 0;
		};
/* End PBXFrameworksBuildPhase section */

/* Begin PBXGroup section */
		F6A4080C28B2A16100F1C2A5 = {
			isa = PBXGroup;
			children = (
				F6A4081728B2A16100F1C2A5 /* BryjApp */,
				F6A4081628B2A16100F1C2A5 /* Products */,
			);
			sourceTree = "<group>";
		};
		F6A4081628B2A16100F1C2A5 /* Products */ = {
			isa = PBXGroup;
			children = (
				F6A4081528B2A16100F1C2A5 /* BryjApp.app */,
			);
			name = Products;
			sourceTree = "<group>";
		};
		F6A4081728B2A16100F1C2A5 /* BryjApp */ = {
			isa = PBXGroup;
			children = (
				F6A4081828B2A16100F1C2A5 /* AppDelegate.swift */,
				F6A4081A28B2A16100F1C2A5 /* SceneDelegate.swift */,
				F6A4081E28B2A16100F1C2A5 /* Main.storyboard */,
				F6A4083328B2A71200F1C2A5 /* Controllers */,
				F6A4082428B2A16400F1C2A5 /* Assets.xcassets */,
				F6A4082628B2A16400F1C2A5 /* LaunchScreen.storyboard */,
				F6A4082928B2A16400F1C2A5 /* Info.plist */,
				F6A4082128B2A16100F1C2A5 /* BryjApp.xcdatamodeld */,
			);
			path = BryjApp;
			sourceTree = "<group>";
		};
		F6A4083328B2A71200F1C2A5 /* Controllers */ = {
			isa = PBXGroup;
			children = (
				F6A4083828B3043000F1C2A5 /* ViewController.swift */,
				F6A4082F28B2A6E700F1C2A5 /* HomeViewController.swift */,
				F6A4083128B2A70B00F1C2A5 /* ShopViewController.swift */,
				F6A4083428B2A72900F1C2A5 /* AccountViewController.swift */,
				F6A4083628B2A73700F1C2A5 /* BagViewController.swift */,
			);
			path = Controllers;
			sourceTree = "<group>";
		};
/* End PBXGroup section */

/* Begin PBXNativeTarget section */
		F6A4081428B2A16100F1C2A5 /* BryjApp */ = {
			isa = PBXNativeTarget;
			buildConfigurationList = F6A4082C28B2A16400F1C2A5 /* Build configuration list for PBXNativeTarget "BryjApp" */;
			buildPhases = (
				F6A4081128B2A16100F1C2A5 /* Sources */,
				F6A4081228B2A16100F1C2A5 /* Frameworks */,
				F6A4081328B2A16100F1C2A5 /* Resources */,
			);
			buildRules = (
			);
			dependencies = (
			);
			name = BryjApp;
			productName = BryjApp;
			productReference = F6A4081528B2A16100F1C2A5 /* BryjApp.app */;
			productType = "com.apple.product-type.application";
		};
/* End PBXNativeTarget section */

/* Begin PBXProject section */
		F6A4080D28B2A16100F1C2A5 /* Project object */ = {
			isa = PBXProject;
			attributes = {
				BuildIndependentTargetsInParallel = 1;
				LastSwiftUpdateCheck = 1320;
				LastUpgradeCheck = 1320;
				TargetAttributes = {
					F6A4081428B2A16100F1C2A5 = {
						CreatedOnToolsVersion = 13.2.1;
					};
				};
			};
			buildConfigurationList = F6A4081028B2A16100F1C2A5 /* Build configuration list for PBXProject "BryjApp" */;
			compatibilityVersion = "Xcode 13.0";
			developmentRegion = en;
			hasScannedForEncodings = 0;
			knownRegions = (
				en,
				Base,
			);
			mainGroup = F6A4080C28B2A16100F1C2A5;
			productRefGroup = F6A4081628B2A16100F1C2A5 /* Products */;
			projectDirPath = "";
			projectRoot = "";
			targets = (
				F6A4081428B2A16100F1C2A5 /* BryjApp */,
			);
		};
/* End PBXProject section */

/* Begin PBXResourcesBuildPhase section */
		F6A4081328B2A16100F1C2A5 /* Resources */ = {
			isa = PBXResourcesBuildPhase;
			buildActionMask = 2147483647;
			files = (
				F6A4082828B2A16400F1C2A5 /* LaunchScreen.storyboard in Resources */,
				F6A4082528B2A16400F1C2A5 /* Assets.xcassets in Resources */,
				F6A4082028B2A16100F1C2A5 /* Main.storyboard in Resources */,
			);
			runOnlyForDeploymentPostprocessing = 0;
		};
/* End PBXResourcesBuildPhase section */

/* Begin PBXSourcesBuildPhase section */
		F6A4081128B2A16100F1C2A5 /* Sources */ = {
			isa = PBXSourcesBuildPhase;
			buildActionMask = 2147483647;
			files = (
				F6A4083028B2A6E700F1C2A5 /* HomeViewController.swift in Sources */,
				F6A4082328B2A16100F1C2A5 /* BryjApp.xcdatamodeld in Sources */,
				F6A4083528B2A72900F1C2A5 /* AccountViewController.swift in Sources */,
				F6A4083728B2A73700F1C2A5 /* BagViewController.swift in Sources */,
				F6A4083228B2A70B00F1C2A5 /* ShopViewController.swift in Sources */,
				F6A4081928B2A16100F1C2A5 /* AppDelegate.swift in Sources */,
				F6A4083928B3043000F1C2A5 /* ViewController.swift in Sources */,
				F6A4081B28B2A16100F1C2A5 /* SceneDelegate.swift in Sources */,
			);
			runOnlyForDeploymentPostprocessing = 0;
		};
/* End PBXSourcesBuildPhase section */

/* Begin PBXVariantGroup section */
		F6A4081E28B2A16100F1C2A5 /* Main.storyboard */ = {
			isa = PBXVariantGroup;
			children = (
				F6A4081F28B2A16100F1C2A5 /* Base */,
			);
			name = Main.storyboard;
			sourceTree = "<group>";
		};
		F6A4082628B2A16400F1C2A5 /* LaunchScreen.storyboard */ = {
			isa = PBXVariantGroup;
			children = (
				F6A4082728B2A16400F1C2A5 /* Base */,
			);
			name = LaunchScreen.storyboard;
			sourceTree = "<group>";
		};
/* End PBXVariantGroup section */

/* Begin XCBuildConfiguration section */
		F6A4082A28B2A16400F1C2A5 /* Debug */ = {
			isa = XCBuildConfiguration;
			buildSettings = {
				ALWAYS_SEARCH_USER_PATHS = NO;
				CLANG_ANALYZER_NONNULL = YES;
				CLANG_ANALYZER_NUMBER_OBJECT_CONVERSION = YES_AGGRESSIVE;
				CLANG_CXX_LANGUAGE_STANDARD = "gnu++17";
				CLANG_CXX_LIBRARY = "libc++";
				CLANG_ENABLE_MODULES = YES;
				CLANG_ENABLE_OBJC_ARC = YES;
				CLANG_ENABLE_OBJC_WEAK = YES;
				CLANG_WARN_BLOCK_CAPTURE_AUTORELEASING = YES;
				CLANG_WARN_BOOL_CONVERSION = YES;
				CLANG_WARN_COMMA = YES;
				CLANG_WARN_CONSTANT_CONVERSION = YES;
				CLANG_WARN_DEPRECATED_OBJC_IMPLEMENTATIONS = YES;
				CLANG_WARN_DIRECT_OBJC_ISA_USAGE = YES_ERROR;
				CLANG_WARN_DOCUMENTATION_COMMENTS = YES;
				CLANG_WARN_EMPTY_BODY = YES;
				CLANG_WARN_ENUM_CONVERSION = YES;
				CLANG_WARN_INFINITE_RECURSION = YES;
				CLANG_WARN_INT_CONVERSION = YES;
				CLANG_WARN_NON_LITERAL_NULL_CONVERSION = YES;
				CLANG_WARN_OBJC_IMPLICIT_RETAIN_SELF = YES;
				CLANG_WARN_OBJC_LITERAL_CONVERSION = YES;
				CLANG_WARN_OBJC_ROOT_CLASS = YES_ERROR;
				CLANG_WARN_QUOTED_INCLUDE_IN_FRAMEWORK_HEADER = YES;
				CLANG_WARN_RANGE_LOOP_ANALYSIS = YES;
				CLANG_WARN_STRICT_PROTOTYPES = YES;
				CLANG_WARN_SUSPICIOUS_MOVE = YES;
				CLANG_WARN_UNGUARDED_AVAILABILITY = YES_AGGRESSIVE;
				CLANG_WARN_UNREACHABLE_CODE = YES;
				CLANG_WARN__DUPLICATE_METHOD_MATCH = YES;
				COPY_PHASE_STRIP = NO;
				DEBUG_INFORMATION_FORMAT = dwarf;
				ENABLE_STRICT_OBJC_MSGSEND = YES;
				ENABLE_TESTABILITY = YES;
				GCC_C_LANGUAGE_STANDARD = gnu11;
				GCC_DYNAMIC_NO_PIC = NO;
				GCC_NO_COMMON_BLOCKS = YES;
				GCC_OPTIMIZATION_LEVEL = 0;
				GCC_PREPROCESSOR_DEFINITIONS = (
					"DEBUG=1",
					"$(inherited)",
				);
				GCC_WARN_64_TO_32_BIT_CONVERSION = YES;
				GCC_WARN_ABOUT_RETURN_TYPE = YES_ERROR;
				GCC_WARN_UNDECLARED_SELECTOR = YES;
				GCC_WARN_UNINITIALIZED_AUTOS = YES_AGGRESSIVE;
				GCC_WARN_UNUSED_FUNCTION = YES;
				GCC_WARN_UNUSED_VARIABLE = YES;
				IPHONEOS_DEPLOYMENT_TARGET = 15.2;
				MTL_ENABLE_DEBUG_INFO = INCLUDE_SOURCE;
				MTL_FAST_MATH = YES;
				ONLY_ACTIVE_ARCH = YES;
				SDKROOT = iphoneos;
				SWIFT_ACTIVE_COMPILATION_CONDITIONS = DEBUG;
				SWIFT_OPTIMIZATION_LEVEL = "-Onone";
			};
			name = Debug;
		};
		F6A4082B28B2A16400F1C2A5 /* Release */ = {
			isa = XCBuildConfiguration;
			buildSettings = {
				ALWAYS_SEARCH_USER_PATHS = NO;
				CLANG_ANALYZER_NONNULL = YES;
				CLANG_ANALYZER_NUMBER_OBJECT_CONVERSION = YES_AGGRESSIVE;
				CLANG_CXX_LANGUAGE_STANDARD = "gnu++17";
				CLANG_CXX_LIBRARY = "libc++";
				CLANG_ENABLE_MODULES = YES;
				CLANG_ENABLE_OBJC_ARC = YES;
				CLANG_ENABLE_OBJC_WEAK = YES;
				CLANG_WARN_BLOCK_CAPTURE_AUTORELEASING = YES;
				CLANG_WARN_BOOL_CONVERSION = YES;
				CLANG_WARN_COMMA = YES;
				CLANG_WARN_CONSTANT_CONVERSION = YES;
				CLANG_WARN_DEPRECATED_OBJC_IMPLEMENTATIONS = YES;
				CLANG_WARN_DIRECT_OBJC_ISA_USAGE = YES_ERROR;
				CLANG_WARN_DOCUMENTATION_COMMENTS = YES;
				CLANG_WARN_EMPTY_BODY = YES;
				CLANG_WARN_ENUM_CONVERSION = YES;
				CLANG_WARN_INFINITE_RECURSION = YES;
				CLANG_WARN_INT_CONVERSION = YES;
				CLANG_WARN_NON_LITERAL_NULL_CONVERSION = YES;
				CLANG_WARN_OBJC_IMPLICIT_RETAIN_SELF = YES;
				CLANG_WARN_OBJC_LITERAL_CONVERSION = YES;
				CLANG_WARN_OBJC_ROOT_CLASS = YES_ERROR;
				CLANG_WARN_QUOTED_INCLUDE_IN_FRAMEWORK_HEADER = YES;
				CLANG_WARN_RANGE_LOOP_ANALYSIS = YES;
				CLANG_WARN_STRICT_PROTOTYPES = YES;
				CLANG_WARN_SUSPICIOUS_MOVE = YES;
				CLANG_WARN_UNGUARDED_AVAILABILITY = YES_AGGRESSIVE;
				CLANG_WARN_UNREACHABLE_CODE = YES;
				CLANG_WARN__DUPLICATE_METHOD_MATCH = YES;
				COPY_PHASE_STRIP = NO;
				DEBUG_INFORMATION_FORMAT = "dwarf-with-dsym";
				ENABLE_NS_ASSERTIONS = NO;
				ENABLE_STRICT_OBJC_MSGSEND = YES;
				GCC_C_LANGUAGE_STANDARD = gnu11;
				GCC_NO_COMMON_BLOCKS = YES;
				GCC_WARN_64_TO_32_BIT_CONVERSION = YES;
				GCC_WARN_ABOUT_RETURN_TYPE = YES_ERROR;
				GCC_WARN_UNDECLARED_SELECTOR = YES;
				GCC_WARN_UNINITIALIZED_AUTOS = YES_AGGRESSIVE;
				GCC_WARN_UNUSED_FUNCTION = YES;
				GCC_WARN_UNUSED_VARIABLE = YES;
				IPHONEOS_DEPLOYMENT_TARGET = 15.2;
				MTL_ENABLE_DEBUG_INFO = NO;
				MTL_FAST_MATH = YES;
				SDKROOT = iphoneos;
				SWIFT_COMPILATION_MODE = wholemodule;
				SWIFT_OPTIMIZATION_LEVEL = "-O";
				VALIDATE_PRODUCT = YES;
			};
			name = Release;
		};
		F6A4082D28B2A16400F1C2A5 /* Debug */ = {
			isa = XCBuildConfiguration;
			buildSettings = {
				ASSETCATALOG_COMPILER_APPICON_NAME = AppIcon;
				ASSETCATALOG_COMPILER_GLOBAL_ACCENT_COLOR_NAME = AccentColor;
				CODE_SIGN_STYLE = Automatic;
				CURRENT_PROJECT_VERSION = 1;
				DEVELOPMENT_TEAM = NG7UXBC5X5;
				GENERATE_INFOPLIST_FILE = YES;
				INFOPLIST_FILE = BryjApp/Info.plist;
				INFOPLIST_KEY_UIApplicationSupportsIndirectInputEvents = YES;
				INFOPLIST_KEY_UILaunchStoryboardName = LaunchScreen;
				INFOPLIST_KEY_UIMainStoryboardFile = Main;
				INFOPLIST_KEY_UISupportedInterfaceOrientations_iPad = "UIInterfaceOrientationPortrait UIInterfaceOrientationPortraitUpsideDown UIInterfaceOrientationLandscapeLeft UIInterfaceOrientationLandscapeRight";
				INFOPLIST_KEY_UISupportedInterfaceOrientations_iPhone = "UIInterfaceOrientationPortrait UIInterfaceOrientationLandscapeLeft UIInterfaceOrientationLandscapeRight";
				LD_RUNPATH_SEARCH_PATHS = (
					"$(inherited)",
					"@executable_path/Frameworks",
				);
				MARKETING_VERSION = 1.0;
				PRODUCT_BUNDLE_IDENTIFIER = com.ilanahaddad.BryjApp;
				PRODUCT_NAME = "$(TARGET_NAME)";
				SWIFT_EMIT_LOC_STRINGS = YES;
				SWIFT_VERSION = 5.0;
				TARGETED_DEVICE_FAMILY = "1,2";
			};
			name = Debug;
		};
		F6A4082E28B2A16400F1C2A5 /* Release */ = {
			isa = XCBuildConfiguration;
			buildSettings = {
				ASSETCATALOG_COMPILER_APPICON_NAME = AppIcon;
				ASSETCATALOG_COMPILER_GLOBAL_ACCENT_COLOR_NAME = AccentColor;
				CODE_SIGN_STYLE = Automatic;
				CURRENT_PROJECT_VERSION = 1;
				DEVELOPMENT_TEAM = NG7UXBC5X5;
				GENERATE_INFOPLIST_FILE = YES;
				INFOPLIST_FILE = BryjApp/Info.plist;
				INFOPLIST_KEY_UIApplicationSupportsIndirectInputEvents = YES;
				INFOPLIST_KEY_UILaunchStoryboardName = LaunchScreen;
				INFOPLIST_KEY_UIMainStoryboardFile = Main;
				INFOPLIST_KEY_UISupportedInterfaceOrientations_iPad = "UIInterfaceOrientationPortrait UIInterfaceOrientationPortraitUpsideDown UIInterfaceOrientationLandscapeLeft UIInterfaceOrientationLandscapeRight";
				INFOPLIST_KEY_UISupportedInterfaceOrientations_iPhone = "UIInterfaceOrientationPortrait UIInterfaceOrientationLandscapeLeft UIInterfaceOrientationLandscapeRight";
				LD_RUNPATH_SEARCH_PATHS = (
					"$(inherited)",
					"@executable_path/Frameworks",
				);
				MARKETING_VERSION = 1.0;
				PRODUCT_BUNDLE_IDENTIFIER = com.ilanahaddad.BryjApp;
				PRODUCT_NAME = "$(TARGET_NAME)";
				SWIFT_EMIT_LOC_STRINGS = YES;
				SWIFT_VERSION = 5.0;
				TARGETED_DEVICE_FAMILY = "1,2";
			};
			name = Release;
		};
/* End XCBuildConfiguration section */

/* Begin XCConfigurationList section */
		F6A4081028B2A16100F1C2A5 /* Build configuration list for PBXProject "BryjApp" */ = {
			isa = XCConfigurationList;
			buildConfigurations = (
				F6A4082A28B2A16400F1C2A5 /* Debug */,
				F6A4082B28B2A16400F1C2A5 /* Release */,
			);
			defaultConfigurationIsVisible = 0;
			defaultConfigurationName = Release;
		};
		F6A4082C28B2A16400F1C2A5 /* Build configuration list for PBXNativeTarget "BryjApp" */ = {
			isa = XCConfigurationList;
			buildConfigurations = (
				F6A4082D28B2A16400F1C2A5 /* Debug */,
				F6A4082E28B2A16400F1C2A5 /* Release */,
			);
			defaultConfigurationIsVisible = 0;
			defaultConfigurationName = Release;
		};
/* End XCConfigurationList section */

/* Begin XCVersionGroup section */
		F6A4082128B2A16100F1C2A5 /* BryjApp.xcdatamodeld */ = {
			isa = XCVersionGroup;
			children = (
				F6A4082228B2A16100F1C2A5 /* BryjApp.xcdatamodel */,
			);
			currentVersion = F6A4082228B2A16100F1C2A5 /* BryjApp.xcdatamodel */;
			path = BryjApp.xcdatamodeld;
			sourceTree = "<group>";
			versionGroupType = wrapper.xcdatamodel;
		};
/* End XCVersionGroup section */
	};
	rootObject = F6A4080D28B2A16100F1C2A5 /* Project object */;
}
